// !$*UTF8*$!
{
	archiveVersion = 1;
	classes = {
	};
	objectVersion = 55;
	objects = {

/* Begin PBXBuildFile section */
		170C06EC28195DCD007F7CA5 /* AppDelegate.swift in Sources */ = {isa = PBXBuildFile; fileRef = 170C06EB28195DCD007F7CA5 /* AppDelegate.swift */; };
		170C06EE28195DCD007F7CA5 /* SceneDelegate.swift in Sources */ = {isa = PBXBuildFile; fileRef = 170C06ED28195DCD007F7CA5 /* SceneDelegate.swift */; };
		170C06F028195DCD007F7CA5 /* lifelinesViewController.swift in Sources */ = {isa = PBXBuildFile; fileRef = 170C06EF28195DCD007F7CA5 /* lifelinesViewController.swift */; };
		170C06F328195DCD007F7CA5 /* Main.storyboard in Resources */ = {isa = PBXBuildFile; fileRef = 170C06F128195DCD007F7CA5 /* Main.storyboard */; };
		170C06F628195DCD007F7CA5 /* Lifelines.xcdatamodeld in Sources */ = {isa = PBXBuildFile; fileRef = 170C06F428195DCD007F7CA5 /* Lifelines.xcdatamodeld */; };
		170C06F828195DD0007F7CA5 /* Assets.xcassets in Resources */ = {isa = PBXBuildFile; fileRef = 170C06F728195DD0007F7CA5 /* Assets.xcassets */; };
		170C06FB28195DD0007F7CA5 /* LaunchScreen.storyboard in Resources */ = {isa = PBXBuildFile; fileRef = 170C06F928195DD0007F7CA5 /* LaunchScreen.storyboard */; };
		170C07032819600E007F7CA5 /* activityViewController.swift in Sources */ = {isa = PBXBuildFile; fileRef = 170C07022819600E007F7CA5 /* activityViewController.swift */; };
		170C07062819A3FA007F7CA5 /* Lifelines+CoreDataClass.swift in Sources */ = {isa = PBXBuildFile; fileRef = 170C07042819A3FA007F7CA5 /* Lifelines+CoreDataClass.swift */; };
/* End PBXBuildFile section */

/* Begin PBXFileReference section */
		170C06E828195DCD007F7CA5 /* Lifelines.app */ = {isa = PBXFileReference; explicitFileType = wrapper.application; includeInIndex = 0; path = Lifelines.app; sourceTree = BUILT_PRODUCTS_DIR; };
		170C06EB28195DCD007F7CA5 /* AppDelegate.swift */ = {isa = PBXFileReference; lastKnownFileType = sourcecode.swift; path = AppDelegate.swift; sourceTree = "<group>"; };
		170C06ED28195DCD007F7CA5 /* SceneDelegate.swift */ = {isa = PBXFileReference; lastKnownFileType = sourcecode.swift; path = SceneDelegate.swift; sourceTree = "<group>"; };
		170C06EF28195DCD007F7CA5 /* lifelinesViewController.swift */ = {isa = PBXFileReference; lastKnownFileType = sourcecode.swift; path = lifelinesViewController.swift; sourceTree = "<group>"; };
		170C06F228195DCD007F7CA5 /* Base */ = {isa = PBXFileReference; lastKnownFileType = file.storyboard; name = Base; path = Base.lproj/Main.storyboard; sourceTree = "<group>"; };
		170C06F528195DCD007F7CA5 /* Lifelines.xcdatamodel */ = {isa = PBXFileReference; lastKnownFileType = wrapper.xcdatamodel; path = Lifelines.xcdatamodel; sourceTree = "<group>"; };
		170C06F728195DD0007F7CA5 /* Assets.xcassets */ = {isa = PBXFileReference; lastKnownFileType = folder.assetcatalog; path = Assets.xcassets; sourceTree = "<group>"; };
		170C06FA28195DD0007F7CA5 /* Base */ = {isa = PBXFileReference; lastKnownFileType = file.storyboard; name = Base; path = Base.lproj/LaunchScreen.storyboard; sourceTree = "<group>"; };
		170C06FC28195DD0007F7CA5 /* Info.plist */ = {isa = PBXFileReference; lastKnownFileType = text.plist.xml; path = Info.plist; sourceTree = "<group>"; };
		170C07022819600E007F7CA5 /* activityViewController.swift */ = {isa = PBXFileReference; lastKnownFileType = sourcecode.swift; path = activityViewController.swift; sourceTree = "<group>"; };
		170C07042819A3FA007F7CA5 /* Lifelines+CoreDataClass.swift */ = {isa = PBXFileReference; lastKnownFileType = sourcecode.swift; path = "Lifelines+CoreDataClass.swift"; sourceTree = "<group>"; };
/* End PBXFileReference section */

/* Begin PBXFrameworksBuildPhase section */
		170C06E528195DCD007F7CA5 /* Frameworks */ = {
			isa = PBXFrameworksBuildPhase;
			buildActionMask = 2147483647;
			files = (
			);
			runOnlyForDeploymentPostprocessing = 0;
		};
/* End PBXFrameworksBuildPhase section */

/* Begin PBXGroup section */
		170C06DF28195DCD007F7CA5 = {
			isa = PBXGroup;
			children = (
				170C06EA28195DCD007F7CA5 /* Lifelines */,
				170C06E928195DCD007F7CA5 /* Products */,
			);
			sourceTree = "<group>";
		};
		170C06E928195DCD007F7CA5 /* Products */ = {
			isa = PBXGroup;
			children = (
				170C06E828195DCD007F7CA5 /* Lifelines.app */,
			);
			name = Products;
			sourceTree = "<group>";
		};
		170C06EA28195DCD007F7CA5 /* Lifelines */ = {
			isa = PBXGroup;
			children = (
				170C07082819A43F007F7CA5 /* Models */,
				170C06EB28195DCD007F7CA5 /* AppDelegate.swift */,
				170C06ED28195DCD007F7CA5 /* SceneDelegate.swift */,
				170C06EF28195DCD007F7CA5 /* lifelinesViewController.swift */,
				170C07022819600E007F7CA5 /* activityViewController.swift */,
				170C06F128195DCD007F7CA5 /* Main.storyboard */,
				170C06F728195DD0007F7CA5 /* Assets.xcassets */,
				170C06F928195DD0007F7CA5 /* LaunchScreen.storyboard */,
				170C06FC28195DD0007F7CA5 /* Info.plist */,
				170C06F428195DCD007F7CA5 /* Lifelines.xcdatamodeld */,
			);
			path = Lifelines;
			sourceTree = "<group>";
		};
		170C07082819A43F007F7CA5 /* Models */ = {
			isa = PBXGroup;
			children = (
				170C07042819A3FA007F7CA5 /* Lifelines+CoreDataClass.swift */,
			);
			path = Models;
			sourceTree = "<group>";
		};
/* End PBXGroup section */

/* Begin PBXNativeTarget section */
		170C06E728195DCD007F7CA5 /* Lifelines */ = {
			isa = PBXNativeTarget;
			buildConfigurationList = 170C06FF28195DD0007F7CA5 /* Build configuration list for PBXNativeTarget "Lifelines" */;
			buildPhases = (
				170C06E428195DCD007F7CA5 /* Sources */,
				170C06E528195DCD007F7CA5 /* Frameworks */,
				170C06E628195DCD007F7CA5 /* Resources */,
			);
			buildRules = (
			);
			dependencies = (
			);
			name = Lifelines;
			productName = Lifelines;
			productReference = 170C06E828195DCD007F7CA5 /* Lifelines.app */;
			productType = "com.apple.product-type.application";
		};
/* End PBXNativeTarget section */

/* Begin PBXProject section */
		170C06E028195DCD007F7CA5 /* Project object */ = {
			isa = PBXProject;
			attributes = {
				BuildIndependentTargetsInParallel = 1;
				LastSwiftUpdateCheck = 1330;
				LastUpgradeCheck = 1330;
				TargetAttributes = {
					170C06E728195DCD007F7CA5 = {
						CreatedOnToolsVersion = 13.3.1;
					};
				};
			};
			buildConfigurationList = 170C06E328195DCD007F7CA5 /* Build configuration list for PBXProject "Lifelines" */;
			compatibilityVersion = "Xcode 13.0";
			developmentRegion = en;
			hasScannedForEncodings = 0;
			knownRegions = (
				en,
				Base,
			);
			mainGroup = 170C06DF28195DCD007F7CA5;
			productRefGroup = 170C06E928195DCD007F7CA5 /* Products */;
			projectDirPath = "";
			projectRoot = "";
			targets = (
				170C06E728195DCD007F7CA5 /* Lifelines */,
			);
		};
/* End PBXProject section */

/* Begin PBXResourcesBuildPhase section */
		170C06E628195DCD007F7CA5 /* Resources */ = {
			isa = PBXResourcesBuildPhase;
			buildActionMask = 2147483647;
			files = (
				170C06FB28195DD0007F7CA5 /* LaunchScreen.storyboard in Resources */,
				170C06F828195DD0007F7CA5 /* Assets.xcassets in Resources */,
				170C06F328195DCD007F7CA5 /* Main.storyboard in Resources */,
			);
			runOnlyForDeploymentPostprocessing = 0;
		};
/* End PBXResourcesBuildPhase section */

/* Begin PBXSourcesBuildPhase section */
		170C06E428195DCD007F7CA5 /* Sources */ = {
			isa = PBXSourcesBuildPhase;
			buildActionMask = 2147483647;
			files = (
				170C07032819600E007F7CA5 /* activityViewController.swift in Sources */,
				170C06F028195DCD007F7CA5 /* lifelinesViewController.swift in Sources */,
				170C06F628195DCD007F7CA5 /* Lifelines.xcdatamodeld in Sources */,
				170C07062819A3FA007F7CA5 /* Lifelines+CoreDataClass.swift in Sources */,
				170C06EC28195DCD007F7CA5 /* AppDelegate.swift in Sources */,
				170C06EE28195DCD007F7CA5 /* SceneDelegate.swift in Sources */,
			);
			runOnlyForDeploymentPostprocessing = 0;
		};
/* End PBXSourcesBuildPhase section */

/* Begin PBXVariantGroup section */
		170C06F128195DCD007F7CA5 /* Main.storyboard */ = {
			isa = PBXVariantGroup;
			children = (
				170C06F228195DCD007F7CA5 /* Base */,
			);
			name = Main.storyboard;
			sourceTree = "<group>";
		};
		170C06F928195DD0007F7CA5 /* LaunchScreen.storyboard */ = {
			isa = PBXVariantGroup;
			children = (
				170C06FA28195DD0007F7CA5 /* Base */,
			);
			name = LaunchScreen.storyboard;
			sourceTree = "<group>";
		};
/* End PBXVariantGroup section */

/* Begin XCBuildConfiguration section */
		170C06FD28195DD0007F7CA5 /* Debug */ = {
			isa = XCBuildConfiguration;
			buildSettings = {
				ALWAYS_SEARCH_USER_PATHS = NO;
				CLANG_ANALYZER_NONNULL = YES;
				CLANG_ANALYZER_NUMBER_OBJECT_CONVERSION = YES_AGGRESSIVE;
				CLANG_CXX_LANGUAGE_STANDARD = "gnu++17";
				CLANG_ENABLE_MODULES = YES;
				CLANG_ENABLE_OBJC_ARC = YES;
				CLANG_ENABLE_OBJC_WEAK = YES;
				CLANG_WARN_BLOCK_CAPTURE_AUTORELEASING = YES;
				CLANG_WARN_BOOL_CONVERSION = YES;
				CLANG_WARN_COMMA = YES;
				CLANG_WARN_CONSTANT_CONVERSION = YES;
				CLANG_WARN_DEPRECATED_OBJC_IMPLEMENTATIONS = YES;
				CLANG_WARN_DIRECT_OBJC_ISA_USAGE = YES_ERROR;
				CLANG_WARN_DOCUMENTATION_COMMENTS = YES;
				CLANG_WARN_EMPTY_BODY = YES;
				CLANG_WARN_ENUM_CONVERSION = YES;
				CLANG_WARN_INFINITE_RECURSION = YES;
				CLANG_WARN_INT_CONVERSION = YES;
				CLANG_WARN_NON_LITERAL_NULL_CONVERSION = YES;
				CLANG_WARN_OBJC_IMPLICIT_RETAIN_SELF = YES;
				CLANG_WARN_OBJC_LITERAL_CONVERSION = YES;
				CLANG_WARN_OBJC_ROOT_CLASS = YES_ERROR;
				CLANG_WARN_QUOTED_INCLUDE_IN_FRAMEWORK_HEADER = YES;
				CLANG_WARN_RANGE_LOOP_ANALYSIS = YES;
				CLANG_WARN_STRICT_PROTOTYPES = YES;
				CLANG_WARN_SUSPICIOUS_MOVE = YES;
				CLANG_WARN_UNGUARDED_AVAILABILITY = YES_AGGRESSIVE;
				CLANG_WARN_UNREACHABLE_CODE = YES;
				CLANG_WARN__DUPLICATE_METHOD_MATCH = YES;
				COPY_PHASE_STRIP = NO;
				DEBUG_INFORMATION_FORMAT = dwarf;
				ENABLE_STRICT_OBJC_MSGSEND = YES;
				ENABLE_TESTABILITY = YES;
				GCC_C_LANGUAGE_STANDARD = gnu11;
				GCC_DYNAMIC_NO_PIC = NO;
				GCC_NO_COMMON_BLOCKS = YES;
				GCC_OPTIMIZATION_LEVEL = 0;
				GCC_PREPROCESSOR_DEFINITIONS = (
					"DEBUG=1",
					"$(inherited)",
				);
				GCC_WARN_64_TO_32_BIT_CONVERSION = YES;
				GCC_WARN_ABOUT_RETURN_TYPE = YES_ERROR;
				GCC_WARN_UNDECLARED_SELECTOR = YES;
				GCC_WARN_UNINITIALIZED_AUTOS = YES_AGGRESSIVE;
				GCC_WARN_UNUSED_FUNCTION = YES;
				GCC_WARN_UNUSED_VARIABLE = YES;
				IPHONEOS_DEPLOYMENT_TARGET = 15.4;
				MTL_ENABLE_DEBUG_INFO = INCLUDE_SOURCE;
				MTL_FAST_MATH = YES;
				ONLY_ACTIVE_ARCH = YES;
				SDKROOT = iphoneos;
				SWIFT_ACTIVE_COMPILATION_CONDITIONS = DEBUG;
				SWIFT_OPTIMIZATION_LEVEL = "-Onone";
			};
			name = Debug;
		};
		170C06FE28195DD0007F7CA5 /* Release */ = {
			isa = XCBuildConfiguration;
			buildSettings = {
				ALWAYS_SEARCH_USER_PATHS = NO;
				CLANG_ANALYZER_NONNULL = YES;
				CLANG_ANALYZER_NUMBER_OBJECT_CONVERSION = YES_AGGRESSIVE;
				CLANG_CXX_LANGUAGE_STANDARD = "gnu++17";
				CLANG_ENABLE_MODULES = YES;
				CLANG_ENABLE_OBJC_ARC = YES;
				CLANG_ENABLE_OBJC_WEAK = YES;
				CLANG_WARN_BLOCK_CAPTURE_AUTORELEASING = YES;
				CLANG_WARN_BOOL_CONVERSION = YES;
				CLANG_WARN_COMMA = YES;
				CLANG_WARN_CONSTANT_CONVERSION = YES;
				CLANG_WARN_DEPRECATED_OBJC_IMPLEMENTATIONS = YES;
				CLANG_WARN_DIRECT_OBJC_ISA_USAGE = YES_ERROR;
				CLANG_WARN_DOCUMENTATION_COMMENTS = YES;
				CLANG_WARN_EMPTY_BODY = YES;
				CLANG_WARN_ENUM_CONVERSION = YES;
				CLANG_WARN_INFINITE_RECURSION = YES;
				CLANG_WARN_INT_CONVERSION = YES;
				CLANG_WARN_NON_LITERAL_NULL_CONVERSION = YES;
				CLANG_WARN_OBJC_IMPLICIT_RETAIN_SELF = YES;
				CLANG_WARN_OBJC_LITERAL_CONVERSION = YES;
				CLANG_WARN_OBJC_ROOT_CLASS = YES_ERROR;
				CLANG_WARN_QUOTED_INCLUDE_IN_FRAMEWORK_HEADER = YES;
				CLANG_WARN_RANGE_LOOP_ANALYSIS = YES;
				CLANG_WARN_STRICT_PROTOTYPES = YES;
				CLANG_WARN_SUSPICIOUS_MOVE = YES;
				CLANG_WARN_UNGUARDED_AVAILABILITY = YES_AGGRESSIVE;
				CLANG_WARN_UNREACHABLE_CODE = YES;
				CLANG_WARN__DUPLICATE_METHOD_MATCH = YES;
				COPY_PHASE_STRIP = NO;
				DEBUG_INFORMATION_FORMAT = "dwarf-with-dsym";
				ENABLE_NS_ASSERTIONS = NO;
				ENABLE_STRICT_OBJC_MSGSEND = YES;
				GCC_C_LANGUAGE_STANDARD = gnu11;
				GCC_NO_COMMON_BLOCKS = YES;
				GCC_WARN_64_TO_32_BIT_CONVERSION = YES;
				GCC_WARN_ABOUT_RETURN_TYPE = YES_ERROR;
				GCC_WARN_UNDECLARED_SELECTOR = YES;
				GCC_WARN_UNINITIALIZED_AUTOS = YES_AGGRESSIVE;
				GCC_WARN_UNUSED_FUNCTION = YES;
				GCC_WARN_UNUSED_VARIABLE = YES;
				IPHONEOS_DEPLOYMENT_TARGET = 15.4;
				MTL_ENABLE_DEBUG_INFO = NO;
				MTL_FAST_MATH = YES;
				SDKROOT = iphoneos;
				SWIFT_COMPILATION_MODE = wholemodule;
				SWIFT_OPTIMIZATION_LEVEL = "-O";
				VALIDATE_PRODUCT = YES;
			};
			name = Release;
		};
		170C070028195DD0007F7CA5 /* Debug */ = {
			isa = XCBuildConfiguration;
			buildSettings = {
				ASSETCATALOG_COMPILER_APPICON_NAME = AppIcon;
				ASSETCATALOG_COMPILER_GLOBAL_ACCENT_COLOR_NAME = AccentColor;
				CODE_SIGN_STYLE = Automatic;
				CURRENT_PROJECT_VERSION = 1;
				DEVELOPMENT_TEAM = 6GBZ8H6ZGD;
				GENERATE_INFOPLIST_FILE = YES;
				INFOPLIST_FILE = Lifelines/Info.plist;
				INFOPLIST_KEY_UIApplicationSupportsIndirectInputEvents = YES;
				INFOPLIST_KEY_UILaunchStoryboardName = LaunchScreen;
				INFOPLIST_KEY_UIMainStoryboardFile = Main;
				INFOPLIST_KEY_UISupportedInterfaceOrientations_iPad = "UIInterfaceOrientationPortrait UIInterfaceOrientationPortraitUpsideDown UIInterfaceOrientationLandscapeLeft UIInterfaceOrientationLandscapeRight";
				INFOPLIST_KEY_UISupportedInterfaceOrientations_iPhone = "UIInterfaceOrientationPortrait UIInterfaceOrientationLandscapeLeft UIInterfaceOrientationLandscapeRight";
				LD_RUNPATH_SEARCH_PATHS = (
					"$(inherited)",
					"@executable_path/Frameworks",
				);
				MARKETING_VERSION = 1.0;
				PRODUCT_BUNDLE_IDENTIFIER = com.ADA.Lifelines;
				PRODUCT_NAME = "$(TARGET_NAME)";
				SWIFT_EMIT_LOC_STRINGS = YES;
				SWIFT_VERSION = 5.0;
				TARGETED_DEVICE_FAMILY = 1;
			};
			name = Debug;
		};
		170C070128195DD0007F7CA5 /* Release */ = {
			isa = XCBuildConfiguration;
			buildSettings = {
				ASSETCATALOG_COMPILER_APPICON_NAME = AppIcon;
				ASSETCATALOG_COMPILER_GLOBAL_ACCENT_COLOR_NAME = AccentColor;
				CODE_SIGN_STYLE = Automatic;
				CURRENT_PROJECT_VERSION = 1;
				DEVELOPMENT_TEAM = 6GBZ8H6ZGD;
				GENERATE_INFOPLIST_FILE = YES;
				INFOPLIST_FILE = Lifelines/Info.plist;
				INFOPLIST_KEY_UIApplicationSupportsIndirectInputEvents = YES;
				INFOPLIST_KEY_UILaunchStoryboardName = LaunchScreen;
				INFOPLIST_KEY_UIMainStoryboardFile = Main;
				INFOPLIST_KEY_UISupportedInterfaceOrientations_iPad = "UIInterfaceOrientationPortrait UIInterfaceOrientationPortraitUpsideDown UIInterfaceOrientationLandscapeLeft UIInterfaceOrientationLandscapeRight";
				INFOPLIST_KEY_UISupportedInterfaceOrientations_iPhone = "UIInterfaceOrientationPortrait UIInterfaceOrientationLandscapeLeft UIInterfaceOrientationLandscapeRight";
				LD_RUNPATH_SEARCH_PATHS = (
					"$(inherited)",
					"@executable_path/Frameworks",
				);
				MARKETING_VERSION = 1.0;
				PRODUCT_BUNDLE_IDENTIFIER = com.ADA.Lifelines;
				PRODUCT_NAME = "$(TARGET_NAME)";
				SWIFT_EMIT_LOC_STRINGS = YES;
				SWIFT_VERSION = 5.0;
				TARGETED_DEVICE_FAMILY = 1;
			};
			name = Release;
		};
/* End XCBuildConfiguration section */

/* Begin XCConfigurationList section */
		170C06E328195DCD007F7CA5 /* Build configuration list for PBXProject "Lifelines" */ = {
			isa = XCConfigurationList;
			buildConfigurations = (
				170C06FD28195DD0007F7CA5 /* Debug */,
				170C06FE28195DD0007F7CA5 /* Release */,
			);
			defaultConfigurationIsVisible = 0;
			defaultConfigurationName = Release;
		};
		170C06FF28195DD0007F7CA5 /* Build configuration list for PBXNativeTarget "Lifelines" */ = {
			isa = XCConfigurationList;
			buildConfigurations = (
				170C070028195DD0007F7CA5 /* Debug */,
				170C070128195DD0007F7CA5 /* Release */,
			);
			defaultConfigurationIsVisible = 0;
			defaultConfigurationName = Release;
		};
/* End XCConfigurationList section */

/* Begin XCVersionGroup section */
		170C06F428195DCD007F7CA5 /* Lifelines.xcdatamodeld */ = {
			isa = XCVersionGroup;
			children = (
				170C06F528195DCD007F7CA5 /* Lifelines.xcdatamodel */,
			);
			currentVersion = 170C06F528195DCD007F7CA5 /* Lifelines.xcdatamodel */;
			path = Lifelines.xcdatamodeld;
			sourceTree = "<group>";
			versionGroupType = wrapper.xcdatamodel;
		};
/* End XCVersionGroup section */
	};
	rootObject = 170C06E028195DCD007F7CA5 /* Project object */;
}
